// !$*UTF8*$!
{
	archiveVersion = 1;
	classes = {
	};
	objectVersion = 46;
	objects = {

/* Begin PBXBuildFile section */
		EEB870811AD1DE00000D21E6 /* main.m in Sources */ = {isa = PBXBuildFile; fileRef = EEB870801AD1DE00000D21E6 /* main.m */; };
		EEB870841AD1DE00000D21E6 /* AppDelegate.m in Sources */ = {isa = PBXBuildFile; fileRef = EEB870831AD1DE00000D21E6 /* AppDelegate.m */; };
		EEB870871AD1DE00000D21E6 /* GameScene.m in Sources */ = {isa = PBXBuildFile; fileRef = EEB870861AD1DE00000D21E6 /* GameScene.m */; };
		EEB8708C1AD1DE00000D21E6 /* GameViewController.m in Sources */ = {isa = PBXBuildFile; fileRef = EEB8708B1AD1DE00000D21E6 /* GameViewController.m */; };
		EEB8708F1AD1DE00000D21E6 /* Main.storyboard in Resources */ = {isa = PBXBuildFile; fileRef = EEB8708D1AD1DE00000D21E6 /* Main.storyboard */; };
		EEB870911AD1DE00000D21E6 /* Images.xcassets in Resources */ = {isa = PBXBuildFile; fileRef = EEB870901AD1DE00000D21E6 /* Images.xcassets */; };
		EEB870941AD1DE00000D21E6 /* LaunchScreen.xib in Resources */ = {isa = PBXBuildFile; fileRef = EEB870921AD1DE00000D21E6 /* LaunchScreen.xib */; };
		EEB870A01AD1DE00000D21E6 /* SFDrawNodeTests.m in Sources */ = {isa = PBXBuildFile; fileRef = EEB8709F1AD1DE00000D21E6 /* SFDrawNodeTests.m */; };
/* End PBXBuildFile section */

/* Begin PBXContainerItemProxy section */
		EEB8709A1AD1DE00000D21E6 /* PBXContainerItemProxy */ = {
			isa = PBXContainerItemProxy;
			containerPortal = EEB870731AD1DE00000D21E6 /* Project object */;
			proxyType = 1;
			remoteGlobalIDString = EEB8707A1AD1DE00000D21E6;
			remoteInfo = SFDrawNode;
		};
/* End PBXContainerItemProxy section */

/* Begin PBXFileReference section */
		EEB8707B1AD1DE00000D21E6 /* SFDrawNode.app */ = {isa = PBXFileReference; explicitFileType = wrapper.application; includeInIndex = 0; path = SFDrawNode.app; sourceTree = BUILT_PRODUCTS_DIR; };
		EEB8707F1AD1DE00000D21E6 /* Info.plist */ = {isa = PBXFileReference; lastKnownFileType = text.plist.xml; path = Info.plist; sourceTree = "<group>"; };
		EEB870801AD1DE00000D21E6 /* main.m */ = {isa = PBXFileReference; lastKnownFileType = sourcecode.c.objc; path = main.m; sourceTree = "<group>"; };
		EEB870821AD1DE00000D21E6 /* AppDelegate.h */ = {isa = PBXFileReference; lastKnownFileType = sourcecode.c.h; path = AppDelegate.h; sourceTree = "<group>"; };
		EEB870831AD1DE00000D21E6 /* AppDelegate.m */ = {isa = PBXFileReference; lastKnownFileType = sourcecode.c.objc; path = AppDelegate.m; sourceTree = "<group>"; };
		EEB870851AD1DE00000D21E6 /* GameScene.h */ = {isa = PBXFileReference; lastKnownFileType = sourcecode.c.h; path = GameScene.h; sourceTree = "<group>"; };
		EEB870861AD1DE00000D21E6 /* GameScene.m */ = {isa = PBXFileReference; lastKnownFileType = sourcecode.c.objc; path = GameScene.m; sourceTree = "<group>"; };
		EEB8708A1AD1DE00000D21E6 /* GameViewController.h */ = {isa = PBXFileReference; lastKnownFileType = sourcecode.c.h; path = GameViewController.h; sourceTree = "<group>"; };
		EEB8708B1AD1DE00000D21E6 /* GameViewController.m */ = {isa = PBXFileReference; lastKnownFileType = sourcecode.c.objc; path = GameViewController.m; sourceTree = "<group>"; };
		EEB8708E1AD1DE00000D21E6 /* Base */ = {isa = PBXFileReference; lastKnownFileType = file.storyboard; name = Base; path = Base.lproj/Main.storyboard; sourceTree = "<group>"; };
		EEB870901AD1DE00000D21E6 /* Images.xcassets */ = {isa = PBXFileReference; lastKnownFileType = folder.assetcatalog; path = Images.xcassets; sourceTree = "<group>"; };
		EEB870931AD1DE00000D21E6 /* Base */ = {isa = PBXFileReference; lastKnownFileType = file.xib; name = Base; path = Base.lproj/LaunchScreen.xib; sourceTree = "<group>"; };
		EEB870991AD1DE00000D21E6 /* SFDrawNodeTests.xctest */ = {isa = PBXFileReference; explicitFileType = wrapper.cfbundle; includeInIndex = 0; path = SFDrawNodeTests.xctest; sourceTree = BUILT_PRODUCTS_DIR; };
		EEB8709E1AD1DE00000D21E6 /* Info.plist */ = {isa = PBXFileReference; lastKnownFileType = text.plist.xml; path = Info.plist; sourceTree = "<group>"; };
		EEB8709F1AD1DE00000D21E6 /* SFDrawNodeTests.m */ = {isa = PBXFileReference; lastKnownFileType = sourcecode.c.objc; path = SFDrawNodeTests.m; sourceTree = "<group>"; };
/* End PBXFileReference section */

/* Begin PBXFrameworksBuildPhase section */
		EEB870781AD1DE00000D21E6 /* Frameworks */ = {
			isa = PBXFrameworksBuildPhase;
			buildActionMask = 2147483647;
			files = (
			);
			runOnlyForDeploymentPostprocessing = 0;
		};
		EEB870961AD1DE00000D21E6 /* Frameworks */ = {
			isa = PBXFrameworksBuildPhase;
			buildActionMask = 2147483647;
			files = (
			);
			runOnlyForDeploymentPostprocessing = 0;
		};
/* End PBXFrameworksBuildPhase section */

/* Begin PBXGroup section */
		EEB870721AD1DE00000D21E6 = {
			isa = PBXGroup;
			children = (
				EEB8707D1AD1DE00000D21E6 /* SFDrawNode */,
				EEB8709C1AD1DE00000D21E6 /* SFDrawNodeTests */,
				EEB8707C1AD1DE00000D21E6 /* Products */,
			);
			sourceTree = "<group>";
		};
		EEB8707C1AD1DE00000D21E6 /* Products */ = {
			isa = PBXGroup;
			children = (
				EEB8707B1AD1DE00000D21E6 /* SFDrawNode.app */,
				EEB870991AD1DE00000D21E6 /* SFDrawNodeTests.xctest */,
			);
			name = Products;
			sourceTree = "<group>";
		};
		EEB8707D1AD1DE00000D21E6 /* SFDrawNode */ = {
			isa = PBXGroup;
			children = (
				EEB870AA1AD1DE32000D21E6 /* Scenes */,
				EEB870A91AD1DE26000D21E6 /* Application */,
				EEB870901AD1DE00000D21E6 /* Images.xcassets */,
				EEB8707E1AD1DE00000D21E6 /* Supporting Files */,
			);
			path = SFDrawNode;
			sourceTree = "<group>";
		};
		EEB8707E1AD1DE00000D21E6 /* Supporting Files */ = {
			isa = PBXGroup;
			children = (
				EEB8708D1AD1DE00000D21E6 /* Main.storyboard */,
				EEB870921AD1DE00000D21E6 /* LaunchScreen.xib */,
				EEB8707F1AD1DE00000D21E6 /* Info.plist */,
				EEB870801AD1DE00000D21E6 /* main.m */,
			);
			name = "Supporting Files";
			sourceTree = "<group>";
		};
		EEB8709C1AD1DE00000D21E6 /* SFDrawNodeTests */ = {
			isa = PBXGroup;
			children = (
				EEB8709F1AD1DE00000D21E6 /* SFDrawNodeTests.m */,
				EEB8709D1AD1DE00000D21E6 /* Supporting Files */,
			);
			path = SFDrawNodeTests;
			sourceTree = "<group>";
		};
		EEB8709D1AD1DE00000D21E6 /* Supporting Files */ = {
			isa = PBXGroup;
			children = (
				EEB8709E1AD1DE00000D21E6 /* Info.plist */,
			);
			name = "Supporting Files";
			sourceTree = "<group>";
		};
		EEB870A91AD1DE26000D21E6 /* Application */ = {
			isa = PBXGroup;
			children = (
				EEB870821AD1DE00000D21E6 /* AppDelegate.h */,
				EEB870831AD1DE00000D21E6 /* AppDelegate.m */,
				EEB8708A1AD1DE00000D21E6 /* GameViewController.h */,
				EEB8708B1AD1DE00000D21E6 /* GameViewController.m */,
			);
			name = Application;
			sourceTree = "<group>";
		};
		EEB870AA1AD1DE32000D21E6 /* Scenes */ = {
			isa = PBXGroup;
			children = (
				EEB870851AD1DE00000D21E6 /* GameScene.h */,
				EEB870861AD1DE00000D21E6 /* GameScene.m */,
			);
			name = Scenes;
			sourceTree = "<group>";
		};
/* End PBXGroup section */

/* Begin PBXNativeTarget section */
		EEB8707A1AD1DE00000D21E6 /* SFDrawNode */ = {
			isa = PBXNativeTarget;
			buildConfigurationList = EEB870A31AD1DE00000D21E6 /* Build configuration list for PBXNativeTarget "SFDrawNode" */;
			buildPhases = (
				EEB870771AD1DE00000D21E6 /* Sources */,
				EEB870781AD1DE00000D21E6 /* Frameworks */,
				EEB870791AD1DE00000D21E6 /* Resources */,
			);
			buildRules = (
			);
			dependencies = (
			);
			name = SFDrawNode;
			productName = SFDrawNode;
			productReference = EEB8707B1AD1DE00000D21E6 /* SFDrawNode.app */;
			productType = "com.apple.product-type.application";
		};
		EEB870981AD1DE00000D21E6 /* SFDrawNodeTests */ = {
			isa = PBXNativeTarget;
			buildConfigurationList = EEB870A61AD1DE00000D21E6 /* Build configuration list for PBXNativeTarget "SFDrawNodeTests" */;
			buildPhases = (
				EEB870951AD1DE00000D21E6 /* Sources */,
				EEB870961AD1DE00000D21E6 /* Frameworks */,
				EEB870971AD1DE00000D21E6 /* Resources */,
			);
			buildRules = (
			);
			dependencies = (
				EEB8709B1AD1DE00000D21E6 /* PBXTargetDependency */,
			);
			name = SFDrawNodeTests;
			productName = SFDrawNodeTests;
			productReference = EEB870991AD1DE00000D21E6 /* SFDrawNodeTests.xctest */;
			productType = "com.apple.product-type.bundle.unit-test";
		};
/* End PBXNativeTarget section */

/* Begin PBXProject section */
		EEB870731AD1DE00000D21E6 /* Project object */ = {
			isa = PBXProject;
			attributes = {
				LastUpgradeCheck = 0620;
				ORGANIZATIONNAME = "Skye Freeman";
				TargetAttributes = {
					EEB8707A1AD1DE00000D21E6 = {
						CreatedOnToolsVersion = 6.2;
					};
					EEB870981AD1DE00000D21E6 = {
						CreatedOnToolsVersion = 6.2;
						TestTargetID = EEB8707A1AD1DE00000D21E6;
					};
				};
			};
			buildConfigurationList = EEB870761AD1DE00000D21E6 /* Build configuration list for PBXProject "SFDrawNode" */;
			compatibilityVersion = "Xcode 3.2";
			developmentRegion = English;
			hasScannedForEncodings = 0;
			knownRegions = (
				en,
				Base,
			);
			mainGroup = EEB870721AD1DE00000D21E6;
			productRefGroup = EEB8707C1AD1DE00000D21E6 /* Products */;
			projectDirPath = "";
			projectRoot = "";
			targets = (
				EEB8707A1AD1DE00000D21E6 /* SFDrawNode */,
				EEB870981AD1DE00000D21E6 /* SFDrawNodeTests */,
			);
		};
/* End PBXProject section */

/* Begin PBXResourcesBuildPhase section */
		EEB870791AD1DE00000D21E6 /* Resources */ = {
			isa = PBXResourcesBuildPhase;
			buildActionMask = 2147483647;
			files = (
				EEB870941AD1DE00000D21E6 /* LaunchScreen.xib in Resources */,
				EEB870911AD1DE00000D21E6 /* Images.xcassets in Resources */,
				EEB8708F1AD1DE00000D21E6 /* Main.storyboard in Resources */,
			);
			runOnlyForDeploymentPostprocessing = 0;
		};
		EEB870971AD1DE00000D21E6 /* Resources */ = {
			isa = PBXResourcesBuildPhase;
			buildActionMask = 2147483647;
			files = (
			);
			runOnlyForDeploymentPostprocessing = 0;
		};
/* End PBXResourcesBuildPhase section */

/* Begin PBXSourcesBuildPhase section */
		EEB870771AD1DE00000D21E6 /* Sources */ = {
			isa = PBXSourcesBuildPhase;
			buildActionMask = 2147483647;
			files = (
				EEB8708C1AD1DE00000D21E6 /* GameViewController.m in Sources */,
				EEB870841AD1DE00000D21E6 /* AppDelegate.m in Sources */,
				EEB870871AD1DE00000D21E6 /* GameScene.m in Sources */,
				EEB870811AD1DE00000D21E6 /* main.m in Sources */,
			);
			runOnlyForDeploymentPostprocessing = 0;
		};
		EEB870951AD1DE00000D21E6 /* Sources */ = {
			isa = PBXSourcesBuildPhase;
			buildActionMask = 2147483647;
			files = (
				EEB870A01AD1DE00000D21E6 /* SFDrawNodeTests.m in Sources */,
			);
			runOnlyForDeploymentPostprocessing = 0;
		};
/* End PBXSourcesBuildPhase section */

/* Begin PBXTargetDependency section */
		EEB8709B1AD1DE00000D21E6 /* PBXTargetDependency */ = {
			isa = PBXTargetDependency;
			target = EEB8707A1AD1DE00000D21E6 /* SFDrawNode */;
			targetProxy = EEB8709A1AD1DE00000D21E6 /* PBXContainerItemProxy */;
		};
/* End PBXTargetDependency section */

/* Begin PBXVariantGroup section */
		EEB8708D1AD1DE00000D21E6 /* Main.storyboard */ = {
			isa = PBXVariantGroup;
			children = (
				EEB8708E1AD1DE00000D21E6 /* Base */,
			);
			name = Main.storyboard;
			sourceTree = "<group>";
		};
		EEB870921AD1DE00000D21E6 /* LaunchScreen.xib */ = {
			isa = PBXVariantGroup;
			children = (
				EEB870931AD1DE00000D21E6 /* Base */,
			);
			name = LaunchScreen.xib;
			sourceTree = "<group>";
		};
/* End PBXVariantGroup section */

/* Begin XCBuildConfiguration section */
		EEB870A11AD1DE00000D21E6 /* Debug */ = {
			isa = XCBuildConfiguration;
			buildSettings = {
				ALWAYS_SEARCH_USER_PATHS = NO;
				CLANG_CXX_LANGUAGE_STANDARD = "gnu++0x";
				CLANG_CXX_LIBRARY = "libc++";
				CLANG_ENABLE_MODULES = YES;
				CLANG_ENABLE_OBJC_ARC = YES;
				CLANG_WARN_BOOL_CONVERSION = YES;
				CLANG_WARN_CONSTANT_CONVERSION = YES;
				CLANG_WARN_DIRECT_OBJC_ISA_USAGE = YES_ERROR;
				CLANG_WARN_EMPTY_BODY = YES;
				CLANG_WARN_ENUM_CONVERSION = YES;
				CLANG_WARN_INT_CONVERSION = YES;
				CLANG_WARN_OBJC_ROOT_CLASS = YES_ERROR;
				CLANG_WARN_UNREACHABLE_CODE = YES;
				CLANG_WARN__DUPLICATE_METHOD_MATCH = YES;
				"CODE_SIGN_IDENTITY[sdk=iphoneos*]" = "iPhone Developer";
				COPY_PHASE_STRIP = NO;
				ENABLE_STRICT_OBJC_MSGSEND = YES;
				GCC_C_LANGUAGE_STANDARD = gnu99;
				GCC_DYNAMIC_NO_PIC = NO;
				GCC_OPTIMIZATION_LEVEL = 0;
				GCC_PREPROCESSOR_DEFINITIONS = (
					"DEBUG=1",
					"$(inherited)",
				);
				GCC_SYMBOLS_PRIVATE_EXTERN = NO;
				GCC_WARN_64_TO_32_BIT_CONVERSION = YES;
				GCC_WARN_ABOUT_RETURN_TYPE = YES_ERROR;
				GCC_WARN_UNDECLARED_SELECTOR = YES;
				GCC_WARN_UNINITIALIZED_AUTOS = YES_AGGRESSIVE;
				GCC_WARN_UNUSED_FUNCTION = YES;
				GCC_WARN_UNUSED_VARIABLE = YES;
				IPHONEOS_DEPLOYMENT_TARGET = 8.2;
				MTL_ENABLE_DEBUG_INFO = YES;
				ONLY_ACTIVE_ARCH = YES;
				SDKROOT = iphoneos;
				TARGETED_DEVICE_FAMILY = "1,2";
			};
			name = Debug;
		};
		EEB870A21AD1DE00000D21E6 /* Release */ = {
			isa = XCBuildConfiguration;
			buildSettings = {
				ALWAYS_SEARCH_USER_PATHS = NO;
				CLANG_CXX_LANGUAGE_STANDARD = "gnu++0x";
				CLANG_CXX_LIBRARY = "libc++";
				CLANG_ENABLE_MODULES = YES;
				CLANG_ENABLE_OBJC_ARC = YES;
				CLANG_WARN_BOOL_CONVERSION = YES;
				CLANG_WARN_CONSTANT_CONVERSION = YES;
				CLANG_WARN_DIRECT_OBJC_ISA_USAGE = YES_ERROR;
				CLANG_WARN_EMPTY_BODY = YES;
				CLANG_WARN_ENUM_CONVERSION = YES;
				CLANG_WARN_INT_CONVERSION = YES;
				CLANG_WARN_OBJC_ROOT_CLASS = YES_ERROR;
				CLANG_WARN_UNREACHABLE_CODE = YES;
				CLANG_WARN__DUPLICATE_METHOD_MATCH = YES;
				"CODE_SIGN_IDENTITY[sdk=iphoneos*]" = "iPhone Developer";
				COPY_PHASE_STRIP = NO;
				ENABLE_NS_ASSERTIONS = NO;
				ENABLE_STRICT_OBJC_MSGSEND = YES;
				GCC_C_LANGUAGE_STANDARD = gnu99;
				GCC_WARN_64_TO_32_BIT_CONVERSION = YES;
				GCC_WARN_ABOUT_RETURN_TYPE = YES_ERROR;
				GCC_WARN_UNDECLARED_SELECTOR = YES;
				GCC_WARN_UNINITIALIZED_AUTOS = YES_AGGRESSIVE;
				GCC_WARN_UNUSED_FUNCTION = YES;
				GCC_WARN_UNUSED_VARIABLE = YES;
				IPHONEOS_DEPLOYMENT_TARGET = 8.2;
				MTL_ENABLE_DEBUG_INFO = NO;
				SDKROOT = iphoneos;
				TARGETED_DEVICE_FAMILY = "1,2";
				VALIDATE_PRODUCT = YES;
			};
			name = Release;
		};
		EEB870A41AD1DE00000D21E6 /* Debug */ = {
			isa = XCBuildConfiguration;
			buildSettings = {
				ASSETCATALOG_COMPILER_APPICON_NAME = AppIcon;
				INFOPLIST_FILE = SFDrawNode/Info.plist;
				LD_RUNPATH_SEARCH_PATHS = "$(inherited) @executable_path/Frameworks";
				PRODUCT_NAME = "$(TARGET_NAME)";
			};
			name = Debug;
		};
		EEB870A51AD1DE00000D21E6 /* Release */ = {
			isa = XCBuildConfiguration;
			buildSettings = {
				ASSETCATALOG_COMPILER_APPICON_NAME = AppIcon;
				INFOPLIST_FILE = SFDrawNode/Info.plist;
				LD_RUNPATH_SEARCH_PATHS = "$(inherited) @executable_path/Frameworks";
				PRODUCT_NAME = "$(TARGET_NAME)";
			};
			name = Release;
		};
		EEB870A71AD1DE00000D21E6 /* Debug */ = {
			isa = XCBuildConfiguration;
			buildSettings = {
				BUNDLE_LOADER = "$(TEST_HOST)";
				FRAMEWORK_SEARCH_PATHS = (
					"$(SDKROOT)/Developer/Library/Frameworks",
					"$(inherited)",
				);
				GCC_PREPROCESSOR_DEFINITIONS = (
					"DEBUG=1",
					"$(inherited)",
				);
				INFOPLIST_FILE = SFDrawNodeTests/Info.plist;
				LD_RUNPATH_SEARCH_PATHS = "$(inherited) @executable_path/Frameworks @loader_path/Frameworks";
				PRODUCT_NAME = "$(TARGET_NAME)";
				TEST_HOST = "$(BUILT_PRODUCTS_DIR)/SFDrawNode.app/SFDrawNode";
			};
			name = Debug;
		};
		EEB870A81AD1DE00000D21E6 /* Release */ = {
			isa = XCBuildConfiguration;
			buildSettings = {
				BUNDLE_LOADER = "$(TEST_HOST)";
				FRAMEWORK_SEARCH_PATHS = (
					"$(SDKROOT)/Developer/Library/Frameworks",
					"$(inherited)",
				);
				INFOPLIST_FILE = SFDrawNodeTests/Info.plist;
				LD_RUNPATH_SEARCH_PATHS = "$(inherited) @executable_path/Frameworks @loader_path/Frameworks";
				PRODUCT_NAME = "$(TARGET_NAME)";
				TEST_HOST = "$(BUILT_PRODUCTS_DIR)/SFDrawNode.app/SFDrawNode";
			};
			name = Release;
		};
/* End XCBuildConfiguration section */

/* Begin XCConfigurationList section */
		EEB870761AD1DE00000D21E6 /* Build configuration list for PBXProject "SFDrawNode" */ = {
			isa = XCConfigurationList;
			buildConfigurations = (
				EEB870A11AD1DE00000D21E6 /* Debug */,
				EEB870A21AD1DE00000D21E6 /* Release */,
			);
			defaultConfigurationIsVisible = 0;
			defaultConfigurationName = Release;
		};
		EEB870A31AD1DE00000D21E6 /* Build configuration list for PBXNativeTarget "SFDrawNode" */ = {
			isa = XCConfigurationList;
			buildConfigurations = (
				EEB870A41AD1DE00000D21E6 /* Debug */,
				EEB870A51AD1DE00000D21E6 /* Release */,
			);
			defaultConfigurationIsVisible = 0;
		};
		EEB870A61AD1DE00000D21E6 /* Build configuration list for PBXNativeTarget "SFDrawNodeTests" */ = {
			isa = XCConfigurationList;
			buildConfigurations = (
				EEB870A71AD1DE00000D21E6 /* Debug */,
				EEB870A81AD1DE00000D21E6 /* Release */,
			);
			defaultConfigurationIsVisible = 0;
		};
/* End XCConfigurationList section */
	};
	rootObject = EEB870731AD1DE00000D21E6 /* Project object */;
}
